
Microsoft Visual Studio Solution File, Format Version 12.00
# Visual Studio 2013
VisualStudioVersion = 12.0.30501.0
MinimumVisualStudioVersion = 10.0.40219.1
Project("{FAE04EC0-301F-11D3-BF4B-00C04F79EFBC}") = "SupplyChainManagement", "SupplyChainManagement\SupplyChainManagement.csproj", "{B819CC77-F464-485B-A7D8-486B21FAE791}"
EndProject
Project("{FAE04EC0-301F-11D3-BF4B-00C04F79EFBC}") = "SupplyChainManagementTest", "SupplyChainManagementTest\SupplyChainManagementTest.csproj", "{2D23B2C6-97C3-416C-B9D9-936F216C0A3A}"
EndProject
Project("{2150E333-8FDC-42A3-9474-1A3956D46DE8}") = ".nuget", ".nuget", "{FC3B909E-9ABE-49A5-8C3D-E42E174C5B10}"
	ProjectSection(SolutionItems) = preProject
		.nuget\packages.config = .nuget\packages.config
	EndProjectSection
EndProject
Global
	GlobalSection(SolutionConfigurationPlatforms) = preSolution
		Debug|Any CPU = Debug|Any CPU
		Release|Any CPU = Release|Any CPU
	EndGlobalSection
	GlobalSection(ProjectConfigurationPlatforms) = postSolution
		{B819CC77-F464-485B-A7D8-486B21FAE791}.Debug|Any CPU.ActiveCfg = Debug|Any CPU
		{B819CC77-F464-485B-A7D8-486B21FAE791}.Debug|Any CPU.Build.0 = Debug|Any CPU
		{B819CC77-F464-485B-A7D8-486B21FAE791}.Release|Any CPU.ActiveCfg = Release|Any CPU
		{B819CC77-F464-485B-A7D8-486B21FAE791}.Release|Any CPU.Build.0 = Release|Any CPU
		{2D23B2C6-97C3-416C-B9D9-936F216C0A3A}.Debug|Any CPU.ActiveCfg = Debug|Any CPU
		{2D23B2C6-97C3-416C-B9D9-936F216C0A3A}.Debug|Any CPU.Build.0 = Debug|Any CPU
		{2D23B2C6-97C3-416C-B9D9-936F216C0A3A}.Release|Any CPU.ActiveCfg = Release|Any CPU
		{2D23B2C6-97C3-416C-B9D9-936F216C0A3A}.Release|Any CPU.Build.0 = Release|Any CPU
	EndGlobalSection
	GlobalSection(SolutionProperties) = preSolution
		HideSolutionNode = FALSE
	EndGlobalSection
EndGlobal
